
Microsoft Visual Studio Solution File, Format Version 12.00
# Visual Studio Version 17
VisualStudioVersion = 17.2.32526.322
MinimumVisualStudioVersion = 10.0.40219.1
Project("{9A19103F-16F7-4668-BE54-9A1E7A4F7556}") = "DataAccess", "DataAccess\DataAccess.csproj", "{03C19A36-4701-477D-BCC6-4D00C00F5ECC}"
EndProject
Project("{9A19103F-16F7-4668-BE54-9A1E7A4F7556}") = "Business", "Business\Business.csproj", "{52422C84-1CB6-4BD8-B1A3-46CE3B55F4D5}"
EndProject
Project("{9A19103F-16F7-4668-BE54-9A1E7A4F7556}") = "Entities", "Entities\Entities.csproj", "{7CCFE540-B131-4DEC-80A9-1B2B15567C49}"
EndProject
Project("{9A19103F-16F7-4668-BE54-9A1E7A4F7556}") = "ConsoleUI", "ConsoleUI\ConsoleUI.csproj", "{A2652E52-C1F5-4D09-8F82-B37EB7BD81BE}"
EndProject
Global
	GlobalSection(SolutionConfigurationPlatforms) = preSolution
		Debug|Any CPU = Debug|Any CPU
		Release|Any CPU = Release|Any CPU
	EndGlobalSection
	GlobalSection(ProjectConfigurationPlatforms) = postSolution
		{03C19A36-4701-477D-BCC6-4D00C00F5ECC}.Debug|Any CPU.ActiveCfg = Debug|Any CPU
		{03C19A36-4701-477D-BCC6-4D00C00F5ECC}.Debug|Any CPU.Build.0 = Debug|Any CPU
		{03C19A36-4701-477D-BCC6-4D00C00F5ECC}.Release|Any CPU.ActiveCfg = Release|Any CPU
		{03C19A36-4701-477D-BCC6-4D00C00F5ECC}.Release|Any CPU.Build.0 = Release|Any CPU
		{52422C84-1CB6-4BD8-B1A3-46CE3B55F4D5}.Debug|Any CPU.ActiveCfg = Debug|Any CPU
		{52422C84-1CB6-4BD8-B1A3-46CE3B55F4D5}.Debug|Any CPU.Build.0 = Debug|Any CPU
		{52422C84-1CB6-4BD8-B1A3-46CE3B55F4D5}.Release|Any CPU.ActiveCfg = Release|Any CPU
		{52422C84-1CB6-4BD8-B1A3-46CE3B55F4D5}.Release|Any CPU.Build.0 = Release|Any CPU
		{7CCFE540-B131-4DEC-80A9-1B2B15567C49}.Debug|Any CPU.ActiveCfg = Debug|Any CPU
		{7CCFE540-B131-4DEC-80A9-1B2B15567C49}.Debug|Any CPU.Build.0 = Debug|Any CPU
		{7CCFE540-B131-4DEC-80A9-1B2B15567C49}.Release|Any CPU.ActiveCfg = Release|Any CPU
		{7CCFE540-B131-4DEC-80A9-1B2B15567C49}.Release|Any CPU.Build.0 = Release|Any CPU
		{A2652E52-C1F5-4D09-8F82-B37EB7BD81BE}.Debug|Any CPU.ActiveCfg = Debug|Any CPU
		{A2652E52-C1F5-4D09-8F82-B37EB7BD81BE}.Debug|Any CPU.Build.0 = Debug|Any CPU
		{A2652E52-C1F5-4D09-8F82-B37EB7BD81BE}.Release|Any CPU.ActiveCfg = Release|Any CPU
		{A2652E52-C1F5-4D09-8F82-B37EB7BD81BE}.Release|Any CPU.Build.0 = Release|Any CPU
	EndGlobalSection
	GlobalSection(SolutionProperties) = preSolution
		HideSolutionNode = FALSE
	EndGlobalSection
	GlobalSection(ExtensibilityGlobals) = postSolution
		SolutionGuid = {7EF9D0A4-15B4-45E1-AF36-94E26A4BB2CA}
	EndGlobalSection
EndGlobal
